
Microsoft Visual Studio Solution File, Format Version 12.00
# Visual Studio 14
VisualStudioVersion = 14.0.23107.0
MinimumVisualStudioVersion = 10.0.40219.1
Project("{2150E333-8FDC-42A3-9474-1A3956D46DE8}") = "src", "src", "{00430371-BF6B-4238-9EFD-99EA01609F82}"
EndProject
Project("{FAE04EC0-301F-11D3-BF4B-00C04F79EFBC}") = "Jali.Core.Pcl", "src\Jali.Core.Pcl\Jali.Core.Pcl.csproj", "{53E9C750-56FD-481E-A4CA-F6FA687F4F79}"
EndProject
Project("{FAE04EC0-301F-11D3-BF4B-00C04F79EFBC}") = "Jali.Pcl", "src\Jali.Pcl\Jali.Pcl.csproj", "{8F365500-2EDB-486F-BE35-BF34D792874B}"
EndProject
Project("{FAE04EC0-301F-11D3-BF4B-00C04F79EFBC}") = "Jali.Serve.Pcl", "src\Jali.Serve.Pcl\Jali.Serve.Pcl.csproj", "{A5A96225-6183-40E6-865C-4894F925F3C9}"
EndProject
Project("{FAE04EC0-301F-11D3-BF4B-00C04F79EFBC}") = "Jali.Serve.AspNet.Mvc.Net45", "src\Jali.Serve.AspNet.Mvc.Net45\Jali.Serve.AspNet.Mvc.Net45.csproj", "{F4FE0161-82BE-4BAC-B0D0-E53F2581D014}"
EndProject
Project("{2150E333-8FDC-42A3-9474-1A3956D46DE8}") = "samples", "samples", "{4136657F-B248-4234-8C4B-A3F8A5DC495F}"
EndProject
Project("{FAE04EC0-301F-11D3-BF4B-00C04F79EFBC}") = "Jali.Serve.Server.Pcl", "src\Jali.Serve.Server.Pcl\Jali.Serve.Server.Pcl.csproj", "{6CAF7D9E-3258-430D-97A0-C6D31FA9E7B2}"
EndProject
Project("{2150E333-8FDC-42A3-9474-1A3956D46DE8}") = "Solution Items", "Solution Items", "{A0748AE3-5DE8-4D81-9BC3-F5B00D5A1574}"
	ProjectSection(SolutionItems) = preProject
		..\.gitattributes = ..\.gitattributes
		..\.gitignore = ..\.gitignore
		..\appveyor.yml = ..\appveyor.yml
		..\build.cmd = ..\build.cmd
		..\Jali.sln.DotSettings = ..\Jali.sln.DotSettings
		..\LICENSE = ..\LICENSE
		..\makefile.sake = ..\makefile.sake
		..\psakebuild.cmd = ..\psakebuild.cmd
		..\psakefile.ps1 = ..\psakefile.ps1
		..\publish.cmd = ..\publish.cmd
		..\publish.ps1 = ..\publish.ps1
		..\README.md = ..\README.md
	EndProjectSection
EndProject
Project("{2150E333-8FDC-42A3-9474-1A3956D46DE8}") = "build", "build", "{95CE8DEE-A14A-4A73-8D94-B357696613B9}"
EndProject
Project("{2150E333-8FDC-42A3-9474-1A3956D46DE8}") = "Jali", "Jali", "{263737A6-52C9-4FF2-B5D8-ECEC4F0D17E0}"
	ProjectSection(SolutionItems) = preProject
		..\build\Jali\Jali.nuspec = ..\build\Jali\Jali.nuspec
	EndProjectSection
EndProject
Project("{2150E333-8FDC-42A3-9474-1A3956D46DE8}") = "Jali.Core", "Jali.Core", "{94EAAB25-5980-4C85-B405-B977EAE50A12}"
	ProjectSection(SolutionItems) = preProject
		..\build\Jali.Core\Jali.Core.nuspec = ..\build\Jali.Core\Jali.Core.nuspec
	EndProjectSection
EndProject
Project("{2150E333-8FDC-42A3-9474-1A3956D46DE8}") = "Jali.Serve.AspNet.Mvc", "Jali.Serve.AspNet.Mvc", "{1BF4B2F9-6D04-4F19-A200-035DCCA6CA44}"
	ProjectSection(SolutionItems) = preProject
		..\build\Jali.Serve.AspNet.Mvc\Jali.Serve.AspNet.Mvc.nuspec = ..\build\Jali.Serve.AspNet.Mvc\Jali.Serve.AspNet.Mvc.nuspec
	EndProjectSection
EndProject
Project("{2150E333-8FDC-42A3-9474-1A3956D46DE8}") = "Jali.Serve", "Jali.Serve", "{497F70A7-39D2-405F-B756-376647EC55AE}"
	ProjectSection(SolutionItems) = preProject
		..\build\Jali.Serve\Jali.Serve.nuspec = ..\build\Jali.Serve\Jali.Serve.nuspec
	EndProjectSection
EndProject
Project("{2150E333-8FDC-42A3-9474-1A3956D46DE8}") = "Jali.Serve.Server", "Jali.Serve.Server", "{E60D21FA-66DC-4806-8340-4B903EC9A93B}"
	ProjectSection(SolutionItems) = preProject
		..\build\Jali.Serve.Server\Jali.Serve.Server.nuspec = ..\build\Jali.Serve.Server\Jali.Serve.Server.nuspec
	EndProjectSection
EndProject
Project("{2150E333-8FDC-42A3-9474-1A3956D46DE8}") = "hello", "hello", "{CD7C212C-7917-451A-A89B-9882CF359321}"
EndProject
Project("{FAE04EC0-301F-11D3-BF4B-00C04F79EFBC}") = "Jali.Serve.Samples.HelloServices", "samples\hello\Jali.Serve.Samples.HelloServices\Jali.Serve.Samples.HelloServices.csproj", "{DE1FB7CC-5483-4606-95E4-91AC69911090}"
EndProject
Project("{FAE04EC0-301F-11D3-BF4B-00C04F79EFBC}") = "HelloJali.Web", "samples\hello\HelloJali.Web\HelloJali.Web.csproj", "{0F225589-4E66-49AC-93BF-98733AF12B92}"
EndProject
Project("{2150E333-8FDC-42A3-9474-1A3956D46DE8}") = "restbucks", "restbucks", "{4E7B9C19-45CB-4777-A166-750DE9B8C477}"
EndProject
Project("{FAE04EC0-301F-11D3-BF4B-00C04F79EFBC}") = "Jali.Serve.Samples.RestbucksServices", "samples\restbucks\Jali.Serve.Samples.RestbucksServices\Jali.Serve.Samples.RestbucksServices.csproj", "{E2DF535A-ED18-4C46-B2FD-2CD82B023501}"
EndProject
Global
	GlobalSection(SolutionConfigurationPlatforms) = preSolution
		Debug|Any CPU = Debug|Any CPU
		Release|Any CPU = Release|Any CPU
	EndGlobalSection
	GlobalSection(ProjectConfigurationPlatforms) = postSolution
		{53E9C750-56FD-481E-A4CA-F6FA687F4F79}.Debug|Any CPU.ActiveCfg = Debug|Any CPU
		{53E9C750-56FD-481E-A4CA-F6FA687F4F79}.Debug|Any CPU.Build.0 = Debug|Any CPU
		{53E9C750-56FD-481E-A4CA-F6FA687F4F79}.Release|Any CPU.ActiveCfg = Release|Any CPU
		{53E9C750-56FD-481E-A4CA-F6FA687F4F79}.Release|Any CPU.Build.0 = Release|Any CPU
		{8F365500-2EDB-486F-BE35-BF34D792874B}.Debug|Any CPU.ActiveCfg = Debug|Any CPU
		{8F365500-2EDB-486F-BE35-BF34D792874B}.Debug|Any CPU.Build.0 = Debug|Any CPU
		{8F365500-2EDB-486F-BE35-BF34D792874B}.Release|Any CPU.ActiveCfg = Release|Any CPU
		{8F365500-2EDB-486F-BE35-BF34D792874B}.Release|Any CPU.Build.0 = Release|Any CPU
		{A5A96225-6183-40E6-865C-4894F925F3C9}.Debug|Any CPU.ActiveCfg = Debug|Any CPU
		{A5A96225-6183-40E6-865C-4894F925F3C9}.Debug|Any CPU.Build.0 = Debug|Any CPU
		{A5A96225-6183-40E6-865C-4894F925F3C9}.Release|Any CPU.ActiveCfg = Release|Any CPU
		{A5A96225-6183-40E6-865C-4894F925F3C9}.Release|Any CPU.Build.0 = Release|Any CPU
		{F4FE0161-82BE-4BAC-B0D0-E53F2581D014}.Debug|Any CPU.ActiveCfg = Debug|Any CPU
		{F4FE0161-82BE-4BAC-B0D0-E53F2581D014}.Debug|Any CPU.Build.0 = Debug|Any CPU
		{F4FE0161-82BE-4BAC-B0D0-E53F2581D014}.Release|Any CPU.ActiveCfg = Release|Any CPU
		{F4FE0161-82BE-4BAC-B0D0-E53F2581D014}.Release|Any CPU.Build.0 = Release|Any CPU
		{6CAF7D9E-3258-430D-97A0-C6D31FA9E7B2}.Debug|Any CPU.ActiveCfg = Debug|Any CPU
		{6CAF7D9E-3258-430D-97A0-C6D31FA9E7B2}.Debug|Any CPU.Build.0 = Debug|Any CPU
		{6CAF7D9E-3258-430D-97A0-C6D31FA9E7B2}.Release|Any CPU.ActiveCfg = Release|Any CPU
		{6CAF7D9E-3258-430D-97A0-C6D31FA9E7B2}.Release|Any CPU.Build.0 = Release|Any CPU
		{DE1FB7CC-5483-4606-95E4-91AC69911090}.Debug|Any CPU.ActiveCfg = Debug|Any CPU
		{DE1FB7CC-5483-4606-95E4-91AC69911090}.Debug|Any CPU.Build.0 = Debug|Any CPU
		{DE1FB7CC-5483-4606-95E4-91AC69911090}.Release|Any CPU.ActiveCfg = Release|Any CPU
		{DE1FB7CC-5483-4606-95E4-91AC69911090}.Release|Any CPU.Build.0 = Release|Any CPU
		{0F225589-4E66-49AC-93BF-98733AF12B92}.Debug|Any CPU.ActiveCfg = Debug|Any CPU
		{0F225589-4E66-49AC-93BF-98733AF12B92}.Debug|Any CPU.Build.0 = Debug|Any CPU
		{0F225589-4E66-49AC-93BF-98733AF12B92}.Release|Any CPU.ActiveCfg = Release|Any CPU
		{0F225589-4E66-49AC-93BF-98733AF12B92}.Release|Any CPU.Build.0 = Release|Any CPU
		{E2DF535A-ED18-4C46-B2FD-2CD82B023501}.Debug|Any CPU.ActiveCfg = Debug|Any CPU
		{E2DF535A-ED18-4C46-B2FD-2CD82B023501}.Debug|Any CPU.Build.0 = Debug|Any CPU
		{E2DF535A-ED18-4C46-B2FD-2CD82B023501}.Release|Any CPU.ActiveCfg = Release|Any CPU
		{E2DF535A-ED18-4C46-B2FD-2CD82B023501}.Release|Any CPU.Build.0 = Release|Any CPU
	EndGlobalSection
	GlobalSection(SolutionProperties) = preSolution
		HideSolutionNode = FALSE
	EndGlobalSection
	GlobalSection(NestedProjects) = preSolution
		{53E9C750-56FD-481E-A4CA-F6FA687F4F79} = {00430371-BF6B-4238-9EFD-99EA01609F82}
		{8F365500-2EDB-486F-BE35-BF34D792874B} = {00430371-BF6B-4238-9EFD-99EA01609F82}
		{A5A96225-6183-40E6-865C-4894F925F3C9} = {00430371-BF6B-4238-9EFD-99EA01609F82}
		{F4FE0161-82BE-4BAC-B0D0-E53F2581D014} = {00430371-BF6B-4238-9EFD-99EA01609F82}
		{6CAF7D9E-3258-430D-97A0-C6D31FA9E7B2} = {00430371-BF6B-4238-9EFD-99EA01609F82}
		{263737A6-52C9-4FF2-B5D8-ECEC4F0D17E0} = {95CE8DEE-A14A-4A73-8D94-B357696613B9}
		{94EAAB25-5980-4C85-B405-B977EAE50A12} = {95CE8DEE-A14A-4A73-8D94-B357696613B9}
		{1BF4B2F9-6D04-4F19-A200-035DCCA6CA44} = {95CE8DEE-A14A-4A73-8D94-B357696613B9}
		{497F70A7-39D2-405F-B756-376647EC55AE} = {95CE8DEE-A14A-4A73-8D94-B357696613B9}
		{E60D21FA-66DC-4806-8340-4B903EC9A93B} = {95CE8DEE-A14A-4A73-8D94-B357696613B9}
		{CD7C212C-7917-451A-A89B-9882CF359321} = {4136657F-B248-4234-8C4B-A3F8A5DC495F}
		{DE1FB7CC-5483-4606-95E4-91AC69911090} = {CD7C212C-7917-451A-A89B-9882CF359321}
		{0F225589-4E66-49AC-93BF-98733AF12B92} = {CD7C212C-7917-451A-A89B-9882CF359321}
		{4E7B9C19-45CB-4777-A166-750DE9B8C477} = {4136657F-B248-4234-8C4B-A3F8A5DC495F}
		{E2DF535A-ED18-4C46-B2FD-2CD82B023501} = {4E7B9C19-45CB-4777-A166-750DE9B8C477}
	EndGlobalSection
EndGlobal
